version = 1
revision = 2
requires-python = ">=3.9, <4.0"
resolution-markers = [
    "python_full_version >= '3.10'",
    "python_full_version < '3.10'",
]

[[package]]
name = "asgiref"
version = "3.8.1"
source = { registry = "https://pypi.org/simple" }
dependencies = [
    { name = "typing-extensions", marker = "python_full_version < '3.11'" },
]
sdist = { url = "https://files.pythonhosted.org/packages/29/38/b3395cc9ad1b56d2ddac9970bc8f4141312dbaec28bc7c218b0dfafd0f42/asgiref-3.8.1.tar.gz", hash = "sha256:c343bd80a0bec947a9860adb4c432ffa7db769836c64238fc34bdc3fec84d590", size = 35186, upload_time = "2024-03-22T14:39:36.863Z" }
wheels = [
    { url = "https://files.pythonhosted.org/packages/39/e3/893e8757be2612e6c266d9bb58ad2e3651524b5b40cf56761e985a28b13e/asgiref-3.8.1-py3-none-any.whl", hash = "sha256:3e1e3ecc849832fe52ccf2cb6686b7a55f82bb1d6aee72a58826471390335e47", size = 23828, upload_time = "2024-03-22T14:39:34.521Z" },
]

[[package]]
name = "bounded-zipf"
version = "1.0.0"
source = { registry = "https://pypi.org/simple" }
sdist = { url = "https://files.pythonhosted.org/packages/d1/99/07993738bd7e8fde641bb0b8de10a7266aec6e89d6d9ed089eb868e0ac59/bounded_zipf-1.0.0.tar.gz", hash = "sha256:f5377e2353ea30f3dfdfdce1f4f175f94d8b7b51711795bccc96a3b827581335", size = 2177, upload_time = "2023-03-08T02:52:00.478Z" }
wheels = [
    { url = "https://files.pythonhosted.org/packages/2d/41/2ea40e69a9e7f4e20d0de362a4d19e0e0be6cfd144cd246b859e9ceb7632/bounded_zipf-1.0.0-py3-none-any.whl", hash = "sha256:1b93fa39568dfa8d83763b2eb7cf67f9a7667a9dcbde12e964a072e905b4eeca", size = 2895, upload_time = "2023-03-08T02:51:59.321Z" },
]

[[package]]
name = "cacheout"
version = "0.14.1"
source = { registry = "https://pypi.org/simple" }
sdist = { url = "https://files.pythonhosted.org/packages/5c/b1/1fd0ebaadf8fcff7bbbf42fb086e13436cbfb83b079c5aed0677d1048131/cacheout-0.14.1.tar.gz", hash = "sha256:492b04e5c622f764085baf174f36b38ab287f154a6fa84c3ac29ee890c30662b", size = 37928, upload_time = "2022-08-16T22:25:28.772Z" }
wheels = [
    { url = "https://files.pythonhosted.org/packages/a5/5c/7897793f5da5bb56cedda6aa541ceb5a06468445f44e6f1cab4ab25d0b6f/cacheout-0.14.1-py3-none-any.whl", hash = "sha256:060bf1c4af3d3903aa634814b547674ef16ec690b7f3576b373420bc29e5e4cb", size = 18934, upload_time = "2022-08-16T22:25:27.222Z" },
]

[[package]]
name = "cachetools"
version = "5.5.2"
source = { registry = "https://pypi.org/simple" }
sdist = { url = "https://files.pythonhosted.org/packages/6c/81/3747dad6b14fa2cf53fcf10548cf5aea6913e96fab41a3c198676f8948a5/cachetools-5.5.2.tar.gz", hash = "sha256:1a661caa9175d26759571b2e19580f9d6393969e5dfca11fdb1f947a23e640d4", size = 28380, upload_time = "2025-02-20T21:01:19.524Z" }
wheels = [
    { url = "https://files.pythonhosted.org/packages/72/76/20fa66124dbe6be5cafeb312ece67de6b61dd91a0247d1ea13db4ebb33c2/cachetools-5.5.2-py3-none-any.whl", hash = "sha256:d26a22bcc62eb95c3beabd9f1ee5e820d3d2704fe2967cbe350e20c8ffcd3f0a", size = 10080, upload_time = "2025-02-20T21:01:16.647Z" },
]

[[package]]
name = "colorama"
version = "0.4.6"
source = { registry = "https://pypi.org/simple" }
sdist = { url = "https://files.pythonhosted.org/packages/d8/53/6f443c9a4a8358a93a6792e2acffb9d9d5cb0a5cfd8802644b7b1c9a02e4/colorama-0.4.6.tar.gz", hash = "sha256:08695f5cb7ed6e0531a20572697297273c47b8cae5a63ffc6d6ed5c201be6e44", size = 27697, upload_time = "2022-10-25T02:36:22.414Z" }
wheels = [
    { url = "https://files.pythonhosted.org/packages/d1/d6/3965ed04c63042e047cb6a3e6ed1a63a35087b6a609aa3a15ed8ac56c221/colorama-0.4.6-py2.py3-none-any.whl", hash = "sha256:4f1d9991f5acc0ca119f9d443620b77f9d6b33703e51011c16baf57afb285fc6", size = 25335, upload_time = "2022-10-25T02:36:20.889Z" },
]

[[package]]
name = "django"
version = "4.2.20"
source = { registry = "https://pypi.org/simple" }
dependencies = [
    { name = "asgiref" },
    { name = "sqlparse" },
    { name = "tzdata", marker = "sys_platform == 'win32'" },
]
sdist = { url = "https://files.pythonhosted.org/packages/0a/dd/33d2a11713f6b78493273a32d99bb449f2d93663ed4ec15a8b890d44ba04/Django-4.2.20.tar.gz", hash = "sha256:92bac5b4432a64532abb73b2ac27203f485e40225d2640a7fbef2b62b876e789", size = 10432686, upload_time = "2025-03-06T12:58:52.569Z" }
wheels = [
    { url = "https://files.pythonhosted.org/packages/b3/5d/7571ba1c288ead056dda7adad46b25cbf64790576f095565282e996138b1/Django-4.2.20-py3-none-any.whl", hash = "sha256:213381b6e4405f5c8703fffc29cd719efdf189dec60c67c04f76272b3dc845b9", size = 7993584, upload_time = "2025-03-06T12:58:44.863Z" },
]

[[package]]
name = "django-stubs"
version = "5.1.3"
source = { registry = "https://pypi.org/simple" }
resolution-markers = [
    "python_full_version < '3.10'",
]
dependencies = [
    { name = "asgiref", marker = "python_full_version < '3.10'" },
    { name = "django", marker = "python_full_version < '3.10'" },
    { name = "django-stubs-ext", version = "5.1.3", source = { registry = "https://pypi.org/simple" }, marker = "python_full_version < '3.10'" },
    { name = "tomli", marker = "python_full_version < '3.10'" },
    { name = "types-pyyaml", marker = "python_full_version < '3.10'" },
    { name = "typing-extensions", marker = "python_full_version < '3.10'" },
]
sdist = { url = "https://files.pythonhosted.org/packages/dd/48/e733ceff94ed3c4ccba4c2f0708739974bbcdbcfb69efefb87b10780937f/django_stubs-5.1.3.tar.gz", hash = "sha256:8c230bc5bebee6da282ba8a27ad1503c84a0c4cd2f46e63d149e76d2a63e639a", size = 267390, upload_time = "2025-02-07T09:56:59.773Z" }
wheels = [
    { url = "https://files.pythonhosted.org/packages/74/94/3551a181faf44a63a4ef1ab8e0eb7f27f6af168c2f719ea482e54b39d237/django_stubs-5.1.3-py3-none-any.whl", hash = "sha256:716758ced158b439213062e52de6df3cff7c586f9f9ad7ab59210efbea5dfe78", size = 472753, upload_time = "2025-02-07T09:56:57.291Z" },
]

[package.optional-dependencies]
compatible-mypy = [
    { name = "mypy", marker = "python_full_version < '3.10'" },
]

[[package]]
name = "django-stubs"
version = "5.2.0"
source = { registry = "https://pypi.org/simple" }
resolution-markers = [
    "python_full_version >= '3.10'",
]
dependencies = [
    { name = "asgiref", marker = "python_full_version >= '3.10'" },
    { name = "django", marker = "python_full_version >= '3.10'" },
    { name = "django-stubs-ext", version = "5.2.0", source = { registry = "https://pypi.org/simple" }, marker = "python_full_version >= '3.10'" },
    { name = "tomli", marker = "python_full_version == '3.10.*'" },
    { name = "types-pyyaml", marker = "python_full_version >= '3.10'" },
    { name = "typing-extensions", marker = "python_full_version >= '3.10'" },
]
sdist = { url = "https://files.pythonhosted.org/packages/87/79/7e7ad8b4bac545c8e608fa8db0bd061977f93035a112be78a7f3ffc6ff66/django_stubs-5.2.0.tar.gz", hash = "sha256:07e25c2d3cbff5be540227ff37719cc89f215dfaaaa5eb038a75b01bbfbb2722", size = 276297, upload_time = "2025-04-26T10:49:04.974Z" }
wheels = [
    { url = "https://files.pythonhosted.org/packages/9a/01/5913ba5514337f3896c7bcbff6075808184dd303cd0fc3ecc289ec7e0c96/django_stubs-5.2.0-py3-none-any.whl", hash = "sha256:cd52da033489afc1357d6245f49e3cc57bf49015877253fb8efc6722ea3d2d2b", size = 481836, upload_time = "2025-04-26T10:49:02.97Z" },
]

[package.optional-dependencies]
compatible-mypy = [
    { name = "mypy", marker = "python_full_version >= '3.10'" },
]

[[package]]
name = "django-stubs-ext"
version = "5.1.3"
source = { registry = "https://pypi.org/simple" }
resolution-markers = [
    "python_full_version < '3.10'",
]
dependencies = [
    { name = "django", marker = "python_full_version < '3.10'" },
    { name = "typing-extensions", marker = "python_full_version < '3.10'" },
]
sdist = { url = "https://files.pythonhosted.org/packages/9f/06/7b210e0073c6cb8824bde82afc25f268e8c410a99d3621297f44fa3f6a6c/django_stubs_ext-5.1.3.tar.gz", hash = "sha256:3e60f82337f0d40a362f349bf15539144b96e4ceb4dbd0239be1cd71f6a74ad0", size = 9613, upload_time = "2025-02-07T09:56:22.543Z" }
wheels = [
    { url = "https://files.pythonhosted.org/packages/cc/52/50125afcf29382b7f9d88a992e44835108dd2f1694d6d17d6d3d6fe06c81/django_stubs_ext-5.1.3-py3-none-any.whl", hash = "sha256:64561fbc53e963cc1eed2c8eb27e18b8e48dcb90771205180fe29fc8a59e55fd", size = 9034, upload_time = "2025-02-07T09:56:19.51Z" },
]

[[package]]
name = "django-stubs-ext"
version = "5.2.0"
source = { registry = "https://pypi.org/simple" }
resolution-markers = [
    "python_full_version >= '3.10'",
]
dependencies = [
    { name = "django", marker = "python_full_version >= '3.10'" },
    { name = "typing-extensions", marker = "python_full_version >= '3.10'" },
]
sdist = { url = "https://files.pythonhosted.org/packages/7c/7a/84338605817960942c1ea9d852685923ccccd0d91ba0d49532605973491f/django_stubs_ext-5.2.0.tar.gz", hash = "sha256:00c4ae307b538f5643af761a914c3f8e4e3f25f4e7c6d7098f1906c0d8f2aac9", size = 9618, upload_time = "2025-04-26T10:48:38.05Z" }
wheels = [
    { url = "https://files.pythonhosted.org/packages/e2/65/9f5ca467d84a67c0c547f10b0ece9fd9c26c5efc818a01bf6a3d306c2a0c/django_stubs_ext-5.2.0-py3-none-any.whl", hash = "sha256:b27ae0aab970af4894ba4e9b3fcd3e03421dc8731516669659ee56122d148b23", size = 9066, upload_time = "2025-04-26T10:48:36.032Z" },
]

[[package]]
name = "exceptiongroup"
version = "1.2.2"
source = { registry = "https://pypi.org/simple" }
sdist = { url = "https://files.pythonhosted.org/packages/09/35/2495c4ac46b980e4ca1f6ad6db102322ef3ad2410b79fdde159a4b0f3b92/exceptiongroup-1.2.2.tar.gz", hash = "sha256:47c2edf7c6738fafb49fd34290706d1a1a2f4d1c6df275526b62cbb4aa5393cc", size = 28883, upload_time = "2024-07-12T22:26:00.161Z" }
wheels = [
    { url = "https://files.pythonhosted.org/packages/02/cc/b7e31358aac6ed1ef2bb790a9746ac2c69bcb3c8588b41616914eb106eaf/exceptiongroup-1.2.2-py3-none-any.whl", hash = "sha256:3111b9d131c238bec2f8f516e123e14ba243563fb135d3fe885990585aa7795b", size = 16453, upload_time = "2024-07-12T22:25:58.476Z" },
]

[[package]]
name = "iniconfig"
version = "2.1.0"
source = { registry = "https://pypi.org/simple" }
sdist = { url = "https://files.pythonhosted.org/packages/f2/97/ebf4da567aa6827c909642694d71c9fcf53e5b504f2d96afea02718862f3/iniconfig-2.1.0.tar.gz", hash = "sha256:3abbd2e30b36733fee78f9c7f7308f2d0050e88f0087fd25c2645f63c773e1c7", size = 4793, upload_time = "2025-03-19T20:09:59.721Z" }
wheels = [
    { url = "https://files.pythonhosted.org/packages/2c/e1/e6716421ea10d38022b952c159d5161ca1193197fb744506875fbb87ea7b/iniconfig-2.1.0-py3-none-any.whl", hash = "sha256:9deba5723312380e77435581c6bf4935c94cbfab9b1ed33ef8d238ea168eb760", size = 6050, upload_time = "2025-03-19T20:10:01.071Z" },
]

[[package]]
name = "isort"
version = "5.13.2"
source = { registry = "https://pypi.org/simple" }
sdist = { url = "https://files.pythonhosted.org/packages/87/f9/c1eb8635a24e87ade2efce21e3ce8cd6b8630bb685ddc9cdaca1349b2eb5/isort-5.13.2.tar.gz", hash = "sha256:48fdfcb9face5d58a4f6dde2e72a1fb8dcaf8ab26f95ab49fab84c2ddefb0109", size = 175303, upload_time = "2023-12-13T20:37:26.124Z" }
wheels = [
    { url = "https://files.pythonhosted.org/packages/d1/b3/8def84f539e7d2289a02f0524b944b15d7c75dab7628bedf1c4f0992029c/isort-5.13.2-py3-none-any.whl", hash = "sha256:8ca5e72a8d85860d5a3fa69b8745237f2939afe12dbf656afbcb47fe72d947a6", size = 92310, upload_time = "2023-12-13T20:37:23.244Z" },
]

[[package]]
name = "mypy"
version = "1.15.0"
source = { registry = "https://pypi.org/simple" }
dependencies = [
    { name = "mypy-extensions" },
    { name = "tomli", marker = "python_full_version < '3.11'" },
    { name = "typing-extensions" },
]
sdist = { url = "https://files.pythonhosted.org/packages/ce/43/d5e49a86afa64bd3839ea0d5b9c7103487007d728e1293f52525d6d5486a/mypy-1.15.0.tar.gz", hash = "sha256:404534629d51d3efea5c800ee7c42b72a6554d6c400e6a79eafe15d11341fd43", size = 3239717, upload_time = "2025-02-05T03:50:34.655Z" }
wheels = [
    { url = "https://files.pythonhosted.org/packages/68/f8/65a7ce8d0e09b6329ad0c8d40330d100ea343bd4dd04c4f8ae26462d0a17/mypy-1.15.0-cp310-cp310-macosx_10_9_x86_64.whl", hash = "sha256:979e4e1a006511dacf628e36fadfecbcc0160a8af6ca7dad2f5025529e082c13", size = 10738433, upload_time = "2025-02-05T03:49:29.145Z" },
    { url = "https://files.pythonhosted.org/packages/b4/95/9c0ecb8eacfe048583706249439ff52105b3f552ea9c4024166c03224270/mypy-1.15.0-cp310-cp310-macosx_11_0_arm64.whl", hash = "sha256:c4bb0e1bd29f7d34efcccd71cf733580191e9a264a2202b0239da95984c5b559", size = 9861472, upload_time = "2025-02-05T03:49:16.986Z" },
    { url = "https://files.pythonhosted.org/packages/84/09/9ec95e982e282e20c0d5407bc65031dfd0f0f8ecc66b69538296e06fcbee/mypy-1.15.0-cp310-cp310-manylinux_2_17_aarch64.manylinux2014_aarch64.manylinux_2_28_aarch64.whl", hash = "sha256:be68172e9fd9ad8fb876c6389f16d1c1b5f100ffa779f77b1fb2176fcc9ab95b", size = 11611424, upload_time = "2025-02-05T03:49:46.908Z" },
    { url = "https://files.pythonhosted.org/packages/78/13/f7d14e55865036a1e6a0a69580c240f43bc1f37407fe9235c0d4ef25ffb0/mypy-1.15.0-cp310-cp310-manylinux_2_17_x86_64.manylinux2014_x86_64.manylinux_2_28_x86_64.whl", hash = "sha256:c7be1e46525adfa0d97681432ee9fcd61a3964c2446795714699a998d193f1a3", size = 12365450, upload_time = "2025-02-05T03:50:05.89Z" },
    { url = "https://files.pythonhosted.org/packages/48/e1/301a73852d40c241e915ac6d7bcd7fedd47d519246db2d7b86b9d7e7a0cb/mypy-1.15.0-cp310-cp310-musllinux_1_2_x86_64.whl", hash = "sha256:2e2c2e6d3593f6451b18588848e66260ff62ccca522dd231cd4dd59b0160668b", size = 12551765, upload_time = "2025-02-05T03:49:33.56Z" },
    { url = "https://files.pythonhosted.org/packages/77/ba/c37bc323ae5fe7f3f15a28e06ab012cd0b7552886118943e90b15af31195/mypy-1.15.0-cp310-cp310-win_amd64.whl", hash = "sha256:6983aae8b2f653e098edb77f893f7b6aca69f6cffb19b2cc7443f23cce5f4828", size = 9274701, upload_time = "2025-02-05T03:49:38.981Z" },
    { url = "https://files.pythonhosted.org/packages/03/bc/f6339726c627bd7ca1ce0fa56c9ae2d0144604a319e0e339bdadafbbb599/mypy-1.15.0-cp311-cp311-macosx_10_9_x86_64.whl", hash = "sha256:2922d42e16d6de288022e5ca321cd0618b238cfc5570e0263e5ba0a77dbef56f", size = 10662338, upload_time = "2025-02-05T03:50:17.287Z" },
    { url = "https://files.pythonhosted.org/packages/e2/90/8dcf506ca1a09b0d17555cc00cd69aee402c203911410136cd716559efe7/mypy-1.15.0-cp311-cp311-macosx_11_0_arm64.whl", hash = "sha256:2ee2d57e01a7c35de00f4634ba1bbf015185b219e4dc5909e281016df43f5ee5", size = 9787540, upload_time = "2025-02-05T03:49:51.21Z" },
    { url = "https://files.pythonhosted.org/packages/05/05/a10f9479681e5da09ef2f9426f650d7b550d4bafbef683b69aad1ba87457/mypy-1.15.0-cp311-cp311-manylinux_2_17_aarch64.manylinux2014_aarch64.manylinux_2_28_aarch64.whl", hash = "sha256:973500e0774b85d9689715feeffcc980193086551110fd678ebe1f4342fb7c5e", size = 11538051, upload_time = "2025-02-05T03:50:20.885Z" },
    { url = "https://files.pythonhosted.org/packages/e9/9a/1f7d18b30edd57441a6411fcbc0c6869448d1a4bacbaee60656ac0fc29c8/mypy-1.15.0-cp311-cp311-manylinux_2_17_x86_64.manylinux2014_x86_64.manylinux_2_28_x86_64.whl", hash = "sha256:5a95fb17c13e29d2d5195869262f8125dfdb5c134dc8d9a9d0aecf7525b10c2c", size = 12286751, upload_time = "2025-02-05T03:49:42.408Z" },
    { url = "https://files.pythonhosted.org/packages/72/af/19ff499b6f1dafcaf56f9881f7a965ac2f474f69f6f618b5175b044299f5/mypy-1.15.0-cp311-cp311-musllinux_1_2_x86_64.whl", hash = "sha256:1905f494bfd7d85a23a88c5d97840888a7bd516545fc5aaedff0267e0bb54e2f", size = 12421783, upload_time = "2025-02-05T03:49:07.707Z" },
    { url = "https://files.pythonhosted.org/packages/96/39/11b57431a1f686c1aed54bf794870efe0f6aeca11aca281a0bd87a5ad42c/mypy-1.15.0-cp311-cp311-win_amd64.whl", hash = "sha256:c9817fa23833ff189db061e6d2eff49b2f3b6ed9856b4a0a73046e41932d744f", size = 9265618, upload_time = "2025-02-05T03:49:54.581Z" },
    { url = "https://files.pythonhosted.org/packages/98/3a/03c74331c5eb8bd025734e04c9840532226775c47a2c39b56a0c8d4f128d/mypy-1.15.0-cp312-cp312-macosx_10_13_x86_64.whl", hash = "sha256:aea39e0583d05124836ea645f412e88a5c7d0fd77a6d694b60d9b6b2d9f184fd", size = 10793981, upload_time = "2025-02-05T03:50:28.25Z" },
    { url = "https://files.pythonhosted.org/packages/f0/1a/41759b18f2cfd568848a37c89030aeb03534411eef981df621d8fad08a1d/mypy-1.15.0-cp312-cp312-macosx_11_0_arm64.whl", hash = "sha256:2f2147ab812b75e5b5499b01ade1f4a81489a147c01585cda36019102538615f", size = 9749175, upload_time = "2025-02-05T03:50:13.411Z" },
    { url = "https://files.pythonhosted.org/packages/12/7e/873481abf1ef112c582db832740f4c11b2bfa510e829d6da29b0ab8c3f9c/mypy-1.15.0-cp312-cp312-manylinux_2_17_aarch64.manylinux2014_aarch64.manylinux_2_28_aarch64.whl", hash = "sha256:ce436f4c6d218a070048ed6a44c0bbb10cd2cc5e272b29e7845f6a2f57ee4464", size = 11455675, upload_time = "2025-02-05T03:50:31.421Z" },
    { url = "https://files.pythonhosted.org/packages/b3/d0/92ae4cde706923a2d3f2d6c39629134063ff64b9dedca9c1388363da072d/mypy-1.15.0-cp312-cp312-manylinux_2_17_x86_64.manylinux2014_x86_64.manylinux_2_28_x86_64.whl", hash = "sha256:8023ff13985661b50a5928fc7a5ca15f3d1affb41e5f0a9952cb68ef090b31ee", size = 12410020, upload_time = "2025-02-05T03:48:48.705Z" },
    { url = "https://files.pythonhosted.org/packages/46/8b/df49974b337cce35f828ba6fda228152d6db45fed4c86ba56ffe442434fd/mypy-1.15.0-cp312-cp312-musllinux_1_2_x86_64.whl", hash = "sha256:1124a18bc11a6a62887e3e137f37f53fbae476dc36c185d549d4f837a2a6a14e", size = 12498582, upload_time = "2025-02-05T03:49:03.628Z" },
    { url = "https://files.pythonhosted.org/packages/13/50/da5203fcf6c53044a0b699939f31075c45ae8a4cadf538a9069b165c1050/mypy-1.15.0-cp312-cp312-win_amd64.whl", hash = "sha256:171a9ca9a40cd1843abeca0e405bc1940cd9b305eaeea2dda769ba096932bb22", size = 9366614, upload_time = "2025-02-05T03:50:00.313Z" },
    { url = "https://files.pythonhosted.org/packages/6a/9b/fd2e05d6ffff24d912f150b87db9e364fa8282045c875654ce7e32fffa66/mypy-1.15.0-cp313-cp313-macosx_10_13_x86_64.whl", hash = "sha256:93faf3fdb04768d44bf28693293f3904bbb555d076b781ad2530214ee53e3445", size = 10788592, upload_time = "2025-02-05T03:48:55.789Z" },
    { url = "https://files.pythonhosted.org/packages/74/37/b246d711c28a03ead1fd906bbc7106659aed7c089d55fe40dd58db812628/mypy-1.15.0-cp313-cp313-macosx_11_0_arm64.whl", hash = "sha256:811aeccadfb730024c5d3e326b2fbe9249bb7413553f15499a4050f7c30e801d", size = 9753611, upload_time = "2025-02-05T03:48:44.581Z" },
    { url = "https://files.pythonhosted.org/packages/a6/ac/395808a92e10cfdac8003c3de9a2ab6dc7cde6c0d2a4df3df1b815ffd067/mypy-1.15.0-cp313-cp313-manylinux_2_17_aarch64.manylinux2014_aarch64.manylinux_2_28_aarch64.whl", hash = "sha256:98b7b9b9aedb65fe628c62a6dc57f6d5088ef2dfca37903a7d9ee374d03acca5", size = 11438443, upload_time = "2025-02-05T03:49:25.514Z" },
    { url = "https://files.pythonhosted.org/packages/d2/8b/801aa06445d2de3895f59e476f38f3f8d610ef5d6908245f07d002676cbf/mypy-1.15.0-cp313-cp313-manylinux_2_17_x86_64.manylinux2014_x86_64.manylinux_2_28_x86_64.whl", hash = "sha256:c43a7682e24b4f576d93072216bf56eeff70d9140241f9edec0c104d0c515036", size = 12402541, upload_time = "2025-02-05T03:49:57.623Z" },
    { url = "https://files.pythonhosted.org/packages/c7/67/5a4268782eb77344cc613a4cf23540928e41f018a9a1ec4c6882baf20ab8/mypy-1.15.0-cp313-cp313-musllinux_1_2_x86_64.whl", hash = "sha256:baefc32840a9f00babd83251560e0ae1573e2f9d1b067719479bfb0e987c6357", size = 12494348, upload_time = "2025-02-05T03:48:52.361Z" },
    { url = "https://files.pythonhosted.org/packages/83/3e/57bb447f7bbbfaabf1712d96f9df142624a386d98fb026a761532526057e/mypy-1.15.0-cp313-cp313-win_amd64.whl", hash = "sha256:b9378e2c00146c44793c98b8d5a61039a048e31f429fb0eb546d93f4b000bedf", size = 9373648, upload_time = "2025-02-05T03:49:11.395Z" },
    { url = "https://files.pythonhosted.org/packages/5a/fa/79cf41a55b682794abe71372151dbbf856e3008f6767057229e6649d294a/mypy-1.15.0-cp39-cp39-macosx_10_9_x86_64.whl", hash = "sha256:e601a7fa172c2131bff456bb3ee08a88360760d0d2f8cbd7a75a65497e2df078", size = 10737129, upload_time = "2025-02-05T03:50:24.509Z" },
    { url = "https://files.pythonhosted.org/packages/d3/33/dd8feb2597d648de29e3da0a8bf4e1afbda472964d2a4a0052203a6f3594/mypy-1.15.0-cp39-cp39-macosx_11_0_arm64.whl", hash = "sha256:712e962a6357634fef20412699a3655c610110e01cdaa6180acec7fc9f8513ba", size = 9856335, upload_time = "2025-02-05T03:49:36.398Z" },
    { url = "https://files.pythonhosted.org/packages/e4/b5/74508959c1b06b96674b364ffeb7ae5802646b32929b7701fc6b18447592/mypy-1.15.0-cp39-cp39-manylinux_2_17_aarch64.manylinux2014_aarch64.manylinux_2_28_aarch64.whl", hash = "sha256:f95579473af29ab73a10bada2f9722856792a36ec5af5399b653aa28360290a5", size = 11611935, upload_time = "2025-02-05T03:49:14.154Z" },
    { url = "https://files.pythonhosted.org/packages/6c/53/da61b9d9973efcd6507183fdad96606996191657fe79701b2c818714d573/mypy-1.15.0-cp39-cp39-manylinux_2_17_x86_64.manylinux2014_x86_64.manylinux_2_28_x86_64.whl", hash = "sha256:8f8722560a14cde92fdb1e31597760dc35f9f5524cce17836c0d22841830fd5b", size = 12365827, upload_time = "2025-02-05T03:48:59.458Z" },
    { url = "https://files.pythonhosted.org/packages/c1/72/965bd9ee89540c79a25778cc080c7e6ef40aa1eeac4d52cec7eae6eb5228/mypy-1.15.0-cp39-cp39-musllinux_1_2_x86_64.whl", hash = "sha256:1fbb8da62dc352133d7d7ca90ed2fb0e9d42bb1a32724c287d3c76c58cbaa9c2", size = 12541924, upload_time = "2025-02-05T03:50:03.12Z" },
    { url = "https://files.pythonhosted.org/packages/46/d0/f41645c2eb263e6c77ada7d76f894c580c9ddb20d77f0c24d34273a4dab2/mypy-1.15.0-cp39-cp39-win_amd64.whl", hash = "sha256:d10d994b41fb3497719bbf866f227b3489048ea4bbbb5015357db306249f7980", size = 9271176, upload_time = "2025-02-05T03:50:10.86Z" },
    { url = "https://files.pythonhosted.org/packages/09/4e/a7d65c7322c510de2c409ff3828b03354a7c43f5a8ed458a7a131b41c7b9/mypy-1.15.0-py3-none-any.whl", hash = "sha256:5469affef548bd1895d86d3bf10ce2b44e33d86923c29e4d675b3e323437ea3e", size = 2221777, upload_time = "2025-02-05T03:50:08.348Z" },
]

[[package]]
name = "mypy-extensions"
version = "1.1.0"
source = { registry = "https://pypi.org/simple" }
sdist = { url = "https://files.pythonhosted.org/packages/a2/6e/371856a3fb9d31ca8dac321cda606860fa4548858c0cc45d9d1d4ca2628b/mypy_extensions-1.1.0.tar.gz", hash = "sha256:52e68efc3284861e772bbcd66823fde5ae21fd2fdb51c62a211403730b916558", size = 6343, upload_time = "2025-04-22T14:54:24.164Z" }
wheels = [
    { url = "https://files.pythonhosted.org/packages/79/7b/2c79738432f5c924bef5071f933bcc9efd0473bac3b4aa584a6f7c1c8df8/mypy_extensions-1.1.0-py3-none-any.whl", hash = "sha256:1be4cccdb0f2482337c4743e60421de3a356cd97508abadd57d47403e94f5505", size = 4963, upload_time = "2025-04-22T14:54:22.983Z" },
]

[[package]]
name = "packaging"
version = "25.0"
source = { registry = "https://pypi.org/simple" }
sdist = { url = "https://files.pythonhosted.org/packages/a1/d4/1fc4078c65507b51b96ca8f8c3ba19e6a61c8253c72794544580a7b6c24d/packaging-25.0.tar.gz", hash = "sha256:d443872c98d677bf60f6a1f2f8c1cb748e8fe762d2bf9d3148b5599295b0fc4f", size = 165727, upload_time = "2025-04-19T11:48:59.673Z" }
wheels = [
    { url = "https://files.pythonhosted.org/packages/20/12/38679034af332785aac8774540895e234f4d07f7545804097de4b666afd8/packaging-25.0-py3-none-any.whl", hash = "sha256:29572ef2b1f17581046b3a2227d5c611fb25ec70ca1ba8554b24b0e69331a484", size = 66469, upload_time = "2025-04-19T11:48:57.875Z" },
]

[[package]]
name = "pluggy"
version = "1.5.0"
source = { registry = "https://pypi.org/simple" }
sdist = { url = "https://files.pythonhosted.org/packages/96/2d/02d4312c973c6050a18b314a5ad0b3210edb65a906f868e31c111dede4a6/pluggy-1.5.0.tar.gz", hash = "sha256:2cffa88e94fdc978c4c574f15f9e59b7f4201d439195c3715ca9e2486f1d0cf1", size = 67955, upload_time = "2024-04-20T21:34:42.531Z" }
wheels = [
    { url = "https://files.pythonhosted.org/packages/88/5f/e351af9a41f866ac3f1fac4ca0613908d9a41741cfcf2228f4ad853b697d/pluggy-1.5.0-py3-none-any.whl", hash = "sha256:44e1ad92c8ca002de6377e165f3e0f1be63266ab4d554740532335b9d75ea669", size = 20556, upload_time = "2024-04-20T21:34:40.434Z" },
]

[[package]]
name = "py-cpuinfo"
version = "9.0.0"
source = { registry = "https://pypi.org/simple" }
sdist = { url = "https://files.pythonhosted.org/packages/37/a8/d832f7293ebb21690860d2e01d8115e5ff6f2ae8bbdc953f0eb0fa4bd2c7/py-cpuinfo-9.0.0.tar.gz", hash = "sha256:3cdbbf3fac90dc6f118bfd64384f309edeadd902d7c8fb17f02ffa1fc3f49690", size = 104716, upload_time = "2022-10-25T20:38:06.303Z" }
wheels = [
    { url = "https://files.pythonhosted.org/packages/e0/a9/023730ba63db1e494a271cb018dcd361bd2c917ba7004c3e49d5daf795a2/py_cpuinfo-9.0.0-py3-none-any.whl", hash = "sha256:859625bc251f64e21f077d099d4162689c762b5d6a4c3c97553d56241c9674d5", size = 22335, upload_time = "2022-10-25T20:38:27.636Z" },
]

[[package]]
name = "py-spy"
version = "0.3.14"
source = { registry = "https://pypi.org/simple" }
wheels = [
    { url = "https://files.pythonhosted.org/packages/b4/ff/9f10044630e55eb6fca1c32a00710901be9410b71031711fae6690acc643/py_spy-0.3.14-py2.py3-none-macosx_10_7_x86_64.whl", hash = "sha256:5b342cc5feb8d160d57a7ff308de153f6be68dcf506ad02b4d67065f2bae7f45", size = 1576751, upload_time = "2022-09-07T21:59:11.074Z" },
    { url = "https://files.pythonhosted.org/packages/4c/f3/ace9005f101cb7d41bd69081ea4d095950a31bb6df8a26cf142928e7658f/py_spy-0.3.14-py2.py3-none-macosx_10_9_x86_64.macosx_11_0_arm64.macosx_10_9_universal2.whl", hash = "sha256:fe7efe6c91f723442259d428bf1f9ddb9c1679828866b353d539345ca40d9dd2", size = 3049462, upload_time = "2022-09-07T21:59:13.037Z" },
    { url = "https://files.pythonhosted.org/packages/5e/53/404550ee909148afbffd9c93723001f895656a6be1ecb57598c12f08e429/py_spy-0.3.14-py2.py3-none-manylinux_2_17_aarch64.manylinux2014_aarch64.whl", hash = "sha256:590905447241d789d9de36cff9f52067b6f18d8b5e9fb399242041568d414461", size = 2578909, upload_time = "2022-09-07T21:59:14.624Z" },
    { url = "https://files.pythonhosted.org/packages/3d/14/47fa8b0cb7e9c95117682dfcfaf6245256553bdff7ca83ba4b89db226858/py_spy-0.3.14-py2.py3-none-manylinux_2_17_armv7l.manylinux2014_armv7l.whl", hash = "sha256:fd6211fe7f587b3532ba9d300784326d9a6f2b890af7bf6fff21a029ebbc812b", size = 2703439, upload_time = "2022-09-07T21:59:15.978Z" },
    { url = "https://files.pythonhosted.org/packages/e6/6b/d49bc425ab0369f8f2661af047202fb45f7aa804b971db461775b035c8db/py_spy-0.3.14-py2.py3-none-manylinux_2_5_i686.manylinux1_i686.whl", hash = "sha256:3e8e48032e71c94c3dd51694c39e762e4bbfec250df5bf514adcdd64e79371e0", size = 2709489, upload_time = "2022-09-07T21:59:17.444Z" },
    { url = "https://files.pythonhosted.org/packages/c2/d2/082de8db2285a652a00a39f2bcffaaf0b0c9c378f4830bb5983d2600b2dd/py_spy-0.3.14-py2.py3-none-manylinux_2_5_x86_64.manylinux1_x86_64.whl", hash = "sha256:f59b0b52e56ba9566305236375e6fc68888261d0d36b5addbe3cf85affbefc0e", size = 3012916, upload_time = "2022-09-07T21:59:18.834Z" },
    { url = "https://files.pythonhosted.org/packages/9d/eb/1749a892ada87c65320503d8be2aa31ba1e034cc818aead54ec45d347719/py_spy-0.3.14-py2.py3-none-win_amd64.whl", hash = "sha256:8f5b311d09f3a8e33dbd0d44fc6e37b715e8e0c7efefafcda8bfd63b31ab5a31", size = 1446535, upload_time = "2022-09-07T21:59:20.344Z" },
]

[[package]]
name = "pytest"
version = "7.4.4"
source = { registry = "https://pypi.org/simple" }
dependencies = [
    { name = "colorama", marker = "sys_platform == 'win32'" },
    { name = "exceptiongroup", marker = "python_full_version < '3.11'" },
    { name = "iniconfig" },
    { name = "packaging" },
    { name = "pluggy" },
    { name = "tomli", marker = "python_full_version < '3.11'" },
]
sdist = { url = "https://files.pythonhosted.org/packages/80/1f/9d8e98e4133ffb16c90f3b405c43e38d3abb715bb5d7a63a5a684f7e46a3/pytest-7.4.4.tar.gz", hash = "sha256:2cf0005922c6ace4a3e2ec8b4080eb0d9753fdc93107415332f50ce9e7994280", size = 1357116, upload_time = "2023-12-31T12:00:18.035Z" }
wheels = [
    { url = "https://files.pythonhosted.org/packages/51/ff/f6e8b8f39e08547faece4bd80f89d5a8de68a38b2d179cc1c4490ffa3286/pytest-7.4.4-py3-none-any.whl", hash = "sha256:b090cdf5ed60bf4c45261be03239c2c1c22df034fbffe691abe93cd80cea01d8", size = 325287, upload_time = "2023-12-31T12:00:13.963Z" },
]

[[package]]
name = "pytest-asyncio"
version = "0.20.3"
source = { registry = "https://pypi.org/simple" }
dependencies = [
    { name = "pytest" },
]
sdist = { url = "https://files.pythonhosted.org/packages/6e/06/38b0ca5d53582bb49697626975b5540435ea064762d852b5c66646c729e9/pytest-asyncio-0.20.3.tar.gz", hash = "sha256:83cbf01169ce3e8eb71c6c278ccb0574d1a7a3bb8eaaf5e50e0ad342afb33b36", size = 28942, upload_time = "2022-12-08T12:28:48.413Z" }
wheels = [
    { url = "https://files.pythonhosted.org/packages/45/74/9421cfde8def10c265b4f9ae19c95b8f4dc227f639cb8b89287d4946ac97/pytest_asyncio-0.20.3-py3-none-any.whl", hash = "sha256:f129998b209d04fcc65c96fc85c11e5316738358909a8399e93be553d7656442", size = 12537, upload_time = "2022-12-08T12:28:47.048Z" },
]

[[package]]
name = "pytest-benchmark"
version = "4.0.0"
source = { registry = "https://pypi.org/simple" }
dependencies = [
    { name = "py-cpuinfo" },
    { name = "pytest" },
]
sdist = { url = "https://files.pythonhosted.org/packages/28/08/e6b0067efa9a1f2a1eb3043ecd8a0c48bfeb60d3255006dcc829d72d5da2/pytest-benchmark-4.0.0.tar.gz", hash = "sha256:fb0785b83efe599a6a956361c0691ae1dbb5318018561af10f3e915caa0048d1", size = 334641, upload_time = "2022-10-25T21:21:55.686Z" }
wheels = [
    { url = "https://files.pythonhosted.org/packages/4d/a1/3b70862b5b3f830f0422844f25a823d0470739d994466be9dbbbb414d85a/pytest_benchmark-4.0.0-py3-none-any.whl", hash = "sha256:fdb7db64e31c8b277dff9850d2a2556d8b60bcb0ea6524e36e28ffd7c87f71d6", size = 43951, upload_time = "2022-10-25T21:21:53.208Z" },
]

[[package]]
name = "pytest-django"
version = "4.11.1"
source = { registry = "https://pypi.org/simple" }
dependencies = [
    { name = "pytest" },
]
sdist = { url = "https://files.pythonhosted.org/packages/b1/fb/55d580352db26eb3d59ad50c64321ddfe228d3d8ac107db05387a2fadf3a/pytest_django-4.11.1.tar.gz", hash = "sha256:a949141a1ee103cb0e7a20f1451d355f83f5e4a5d07bdd4dcfdd1fd0ff227991", size = 86202, upload_time = "2025-04-03T18:56:09.338Z" }
wheels = [
    { url = "https://files.pythonhosted.org/packages/be/ac/bd0608d229ec808e51a21044f3f2f27b9a37e7a0ebaca7247882e67876af/pytest_django-4.11.1-py3-none-any.whl", hash = "sha256:1b63773f648aa3d8541000c26929c1ea63934be1cfa674c76436966d73fe6a10", size = 25281, upload_time = "2025-04-03T18:56:07.678Z" },
]

[[package]]
name = "sqlparse"
version = "0.5.3"
source = { registry = "https://pypi.org/simple" }
sdist = { url = "https://files.pythonhosted.org/packages/e5/40/edede8dd6977b0d3da179a342c198ed100dd2aba4be081861ee5911e4da4/sqlparse-0.5.3.tar.gz", hash = "sha256:09f67787f56a0b16ecdbde1bfc7f5d9c3371ca683cfeaa8e6ff60b4807ec9272", size = 84999, upload_time = "2024-12-10T12:05:30.728Z" }
wheels = [
    { url = "https://files.pythonhosted.org/packages/a9/5c/bfd6bd0bf979426d405cc6e71eceb8701b148b16c21d2dc3c261efc61c7b/sqlparse-0.5.3-py3-none-any.whl", hash = "sha256:cf2196ed3418f3ba5de6af7e82c694a9fbdbfecccdfc72e281548517081f16ca", size = 44415, upload_time = "2024-12-10T12:05:27.824Z" },
]

[[package]]
name = "theine"
version = "2.0.0"
source = { editable = "." }
dependencies = [
    { name = "theine-core" },
    { name = "typing-extensions" },
]

[package.dev-dependencies]
dev = [
    { name = "bounded-zipf" },
    { name = "cacheout" },
    { name = "cachetools" },
    { name = "django" },
    { name = "django-stubs", version = "5.1.3", source = { registry = "https://pypi.org/simple" }, extra = ["compatible-mypy"], marker = "python_full_version < '3.10'" },
    { name = "django-stubs", version = "5.2.0", source = { registry = "https://pypi.org/simple" }, extra = ["compatible-mypy"], marker = "python_full_version >= '3.10'" },
    { name = "isort" },
    { name = "mypy" },
    { name = "py-spy" },
    { name = "pytest" },
    { name = "pytest-asyncio" },
    { name = "pytest-benchmark" },
    { name = "pytest-django" },
    { name = "types-cachetools" },
    { name = "typing-extensions" },
]

[package.metadata]
requires-dist = [
    { name = "theine-core", git = "https://github.com/Yiling-J/theine-core.git?branch=v2" },
    { name = "typing-extensions", specifier = ">=4.4.0,<5" },
]

[package.metadata.requires-dev]
dev = [
    { name = "bounded-zipf", specifier = ">=1.0.0,<2" },
    { name = "cacheout", specifier = ">=0.14.1,<0.15" },
    { name = "cachetools", specifier = ">=5.5.0,<6" },
    { name = "django", specifier = "~=4.2" },
    { name = "django-stubs", extras = ["compatible-mypy"], specifier = ">=5.1.3,<6" },
    { name = "isort", specifier = ">=5.5.0,<6" },
    { name = "mypy", specifier = ">=1.11.1,<2" },
    { name = "py-spy", specifier = ">=0.3.14,<0.4" },
    { name = "pytest", specifier = ">=7.2.1,<8" },
    { name = "pytest-asyncio", specifier = ">=0.20.3,<0.21" },
    { name = "pytest-benchmark", specifier = ">=4.0.0,<5" },
    { name = "pytest-django", specifier = ">=4.5.2,<5" },
    { name = "types-cachetools", specifier = ">=5.3.0.0,<6" },
    { name = "typing-extensions", specifier = ">=4.4.0,<5" },
]

[[package]]
name = "theine-core"
version = "2.0.0"
source = { git = "https://github.com/Yiling-J/theine-core.git?branch=v2#2539baff79e824bde7b959fb11ca28be670d7fda" }

[[package]]
name = "tomli"
version = "2.2.1"
source = { registry = "https://pypi.org/simple" }
sdist = { url = "https://files.pythonhosted.org/packages/18/87/302344fed471e44a87289cf4967697d07e532f2421fdaf868a303cbae4ff/tomli-2.2.1.tar.gz", hash = "sha256:cd45e1dc79c835ce60f7404ec8119f2eb06d38b1deba146f07ced3bbc44505ff", size = 17175, upload_time = "2024-11-27T22:38:36.873Z" }
wheels = [
    { url = "https://files.pythonhosted.org/packages/43/ca/75707e6efa2b37c77dadb324ae7d9571cb424e61ea73fad7c56c2d14527f/tomli-2.2.1-cp311-cp311-macosx_10_9_x86_64.whl", hash = "sha256:678e4fa69e4575eb77d103de3df8a895e1591b48e740211bd1067378c69e8249", size = 131077, upload_time = "2024-11-27T22:37:54.956Z" },
    { url = "https://files.pythonhosted.org/packages/c7/16/51ae563a8615d472fdbffc43a3f3d46588c264ac4f024f63f01283becfbb/tomli-2.2.1-cp311-cp311-macosx_11_0_arm64.whl", hash = "sha256:023aa114dd824ade0100497eb2318602af309e5a55595f76b626d6d9f3b7b0a6", size = 123429, upload_time = "2024-11-27T22:37:56.698Z" },
    { url = "https://files.pythonhosted.org/packages/f1/dd/4f6cd1e7b160041db83c694abc78e100473c15d54620083dbd5aae7b990e/tomli-2.2.1-cp311-cp311-manylinux_2_17_aarch64.manylinux2014_aarch64.whl", hash = "sha256:ece47d672db52ac607a3d9599a9d48dcb2f2f735c6c2d1f34130085bb12b112a", size = 226067, upload_time = "2024-11-27T22:37:57.63Z" },
    { url = "https://files.pythonhosted.org/packages/a9/6b/c54ede5dc70d648cc6361eaf429304b02f2871a345bbdd51e993d6cdf550/tomli-2.2.1-cp311-cp311-manylinux_2_17_x86_64.manylinux2014_x86_64.whl", hash = "sha256:6972ca9c9cc9f0acaa56a8ca1ff51e7af152a9f87fb64623e31d5c83700080ee", size = 236030, upload_time = "2024-11-27T22:37:59.344Z" },
    { url = "https://files.pythonhosted.org/packages/1f/47/999514fa49cfaf7a92c805a86c3c43f4215621855d151b61c602abb38091/tomli-2.2.1-cp311-cp311-manylinux_2_5_i686.manylinux1_i686.manylinux_2_17_i686.manylinux2014_i686.whl", hash = "sha256:c954d2250168d28797dd4e3ac5cf812a406cd5a92674ee4c8f123c889786aa8e", size = 240898, upload_time = "2024-11-27T22:38:00.429Z" },
    { url = "https://files.pythonhosted.org/packages/73/41/0a01279a7ae09ee1573b423318e7934674ce06eb33f50936655071d81a24/tomli-2.2.1-cp311-cp311-musllinux_1_2_aarch64.whl", hash = "sha256:8dd28b3e155b80f4d54beb40a441d366adcfe740969820caf156c019fb5c7ec4", size = 229894, upload_time = "2024-11-27T22:38:02.094Z" },
    { url = "https://files.pythonhosted.org/packages/55/18/5d8bc5b0a0362311ce4d18830a5d28943667599a60d20118074ea1b01bb7/tomli-2.2.1-cp311-cp311-musllinux_1_2_i686.whl", hash = "sha256:e59e304978767a54663af13c07b3d1af22ddee3bb2fb0618ca1593e4f593a106", size = 245319, upload_time = "2024-11-27T22:38:03.206Z" },
    { url = "https://files.pythonhosted.org/packages/92/a3/7ade0576d17f3cdf5ff44d61390d4b3febb8a9fc2b480c75c47ea048c646/tomli-2.2.1-cp311-cp311-musllinux_1_2_x86_64.whl", hash = "sha256:33580bccab0338d00994d7f16f4c4ec25b776af3ffaac1ed74e0b3fc95e885a8", size = 238273, upload_time = "2024-11-27T22:38:04.217Z" },
    { url = "https://files.pythonhosted.org/packages/72/6f/fa64ef058ac1446a1e51110c375339b3ec6be245af9d14c87c4a6412dd32/tomli-2.2.1-cp311-cp311-win32.whl", hash = "sha256:465af0e0875402f1d226519c9904f37254b3045fc5084697cefb9bdde1ff99ff", size = 98310, upload_time = "2024-11-27T22:38:05.908Z" },
    { url = "https://files.pythonhosted.org/packages/6a/1c/4a2dcde4a51b81be3530565e92eda625d94dafb46dbeb15069df4caffc34/tomli-2.2.1-cp311-cp311-win_amd64.whl", hash = "sha256:2d0f2fdd22b02c6d81637a3c95f8cd77f995846af7414c5c4b8d0545afa1bc4b", size = 108309, upload_time = "2024-11-27T22:38:06.812Z" },
    { url = "https://files.pythonhosted.org/packages/52/e1/f8af4c2fcde17500422858155aeb0d7e93477a0d59a98e56cbfe75070fd0/tomli-2.2.1-cp312-cp312-macosx_10_13_x86_64.whl", hash = "sha256:4a8f6e44de52d5e6c657c9fe83b562f5f4256d8ebbfe4ff922c495620a7f6cea", size = 132762, upload_time = "2024-11-27T22:38:07.731Z" },
    { url = "https://files.pythonhosted.org/packages/03/b8/152c68bb84fc00396b83e7bbddd5ec0bd3dd409db4195e2a9b3e398ad2e3/tomli-2.2.1-cp312-cp312-macosx_11_0_arm64.whl", hash = "sha256:8d57ca8095a641b8237d5b079147646153d22552f1c637fd3ba7f4b0b29167a8", size = 123453, upload_time = "2024-11-27T22:38:09.384Z" },
    { url = "https://files.pythonhosted.org/packages/c8/d6/fc9267af9166f79ac528ff7e8c55c8181ded34eb4b0e93daa767b8841573/tomli-2.2.1-cp312-cp312-manylinux_2_17_aarch64.manylinux2014_aarch64.whl", hash = "sha256:4e340144ad7ae1533cb897d406382b4b6fede8890a03738ff1683af800d54192", size = 233486, upload_time = "2024-11-27T22:38:10.329Z" },
    { url = "https://files.pythonhosted.org/packages/5c/51/51c3f2884d7bab89af25f678447ea7d297b53b5a3b5730a7cb2ef6069f07/tomli-2.2.1-cp312-cp312-manylinux_2_17_x86_64.manylinux2014_x86_64.whl", hash = "sha256:db2b95f9de79181805df90bedc5a5ab4c165e6ec3fe99f970d0e302f384ad222", size = 242349, upload_time = "2024-11-27T22:38:11.443Z" },
    { url = "https://files.pythonhosted.org/packages/ab/df/bfa89627d13a5cc22402e441e8a931ef2108403db390ff3345c05253935e/tomli-2.2.1-cp312-cp312-manylinux_2_5_i686.manylinux1_i686.manylinux_2_17_i686.manylinux2014_i686.whl", hash = "sha256:40741994320b232529c802f8bc86da4e1aa9f413db394617b9a256ae0f9a7f77", size = 252159, upload_time = "2024-11-27T22:38:13.099Z" },
    { url = "https://files.pythonhosted.org/packages/9e/6e/fa2b916dced65763a5168c6ccb91066f7639bdc88b48adda990db10c8c0b/tomli-2.2.1-cp312-cp312-musllinux_1_2_aarch64.whl", hash = "sha256:400e720fe168c0f8521520190686ef8ef033fb19fc493da09779e592861b78c6", size = 237243, upload_time = "2024-11-27T22:38:14.766Z" },
    { url = "https://files.pythonhosted.org/packages/b4/04/885d3b1f650e1153cbb93a6a9782c58a972b94ea4483ae4ac5cedd5e4a09/tomli-2.2.1-cp312-cp312-musllinux_1_2_i686.whl", hash = "sha256:02abe224de6ae62c19f090f68da4e27b10af2b93213d36cf44e6e1c5abd19fdd", size = 259645, upload_time = "2024-11-27T22:38:15.843Z" },
    { url = "https://files.pythonhosted.org/packages/9c/de/6b432d66e986e501586da298e28ebeefd3edc2c780f3ad73d22566034239/tomli-2.2.1-cp312-cp312-musllinux_1_2_x86_64.whl", hash = "sha256:b82ebccc8c8a36f2094e969560a1b836758481f3dc360ce9a3277c65f374285e", size = 244584, upload_time = "2024-11-27T22:38:17.645Z" },
    { url = "https://files.pythonhosted.org/packages/1c/9a/47c0449b98e6e7d1be6cbac02f93dd79003234ddc4aaab6ba07a9a7482e2/tomli-2.2.1-cp312-cp312-win32.whl", hash = "sha256:889f80ef92701b9dbb224e49ec87c645ce5df3fa2cc548664eb8a25e03127a98", size = 98875, upload_time = "2024-11-27T22:38:19.159Z" },
    { url = "https://files.pythonhosted.org/packages/ef/60/9b9638f081c6f1261e2688bd487625cd1e660d0a85bd469e91d8db969734/tomli-2.2.1-cp312-cp312-win_amd64.whl", hash = "sha256:7fc04e92e1d624a4a63c76474610238576942d6b8950a2d7f908a340494e67e4", size = 109418, upload_time = "2024-11-27T22:38:20.064Z" },
    { url = "https://files.pythonhosted.org/packages/04/90/2ee5f2e0362cb8a0b6499dc44f4d7d48f8fff06d28ba46e6f1eaa61a1388/tomli-2.2.1-cp313-cp313-macosx_10_13_x86_64.whl", hash = "sha256:f4039b9cbc3048b2416cc57ab3bda989a6fcf9b36cf8937f01a6e731b64f80d7", size = 132708, upload_time = "2024-11-27T22:38:21.659Z" },
    { url = "https://files.pythonhosted.org/packages/c0/ec/46b4108816de6b385141f082ba99e315501ccd0a2ea23db4a100dd3990ea/tomli-2.2.1-cp313-cp313-macosx_11_0_arm64.whl", hash = "sha256:286f0ca2ffeeb5b9bd4fcc8d6c330534323ec51b2f52da063b11c502da16f30c", size = 123582, upload_time = "2024-11-27T22:38:22.693Z" },
    { url = "https://files.pythonhosted.org/packages/a0/bd/b470466d0137b37b68d24556c38a0cc819e8febe392d5b199dcd7f578365/tomli-2.2.1-cp313-cp313-manylinux_2_17_aarch64.manylinux2014_aarch64.whl", hash = "sha256:a92ef1a44547e894e2a17d24e7557a5e85a9e1d0048b0b5e7541f76c5032cb13", size = 232543, upload_time = "2024-11-27T22:38:24.367Z" },
    { url = "https://files.pythonhosted.org/packages/d9/e5/82e80ff3b751373f7cead2815bcbe2d51c895b3c990686741a8e56ec42ab/tomli-2.2.1-cp313-cp313-manylinux_2_17_x86_64.manylinux2014_x86_64.whl", hash = "sha256:9316dc65bed1684c9a98ee68759ceaed29d229e985297003e494aa825ebb0281", size = 241691, upload_time = "2024-11-27T22:38:26.081Z" },
    { url = "https://files.pythonhosted.org/packages/05/7e/2a110bc2713557d6a1bfb06af23dd01e7dde52b6ee7dadc589868f9abfac/tomli-2.2.1-cp313-cp313-manylinux_2_5_i686.manylinux1_i686.manylinux_2_17_i686.manylinux2014_i686.whl", hash = "sha256:e85e99945e688e32d5a35c1ff38ed0b3f41f43fad8df0bdf79f72b2ba7bc5272", size = 251170, upload_time = "2024-11-27T22:38:27.921Z" },
    { url = "https://files.pythonhosted.org/packages/64/7b/22d713946efe00e0adbcdfd6d1aa119ae03fd0b60ebed51ebb3fa9f5a2e5/tomli-2.2.1-cp313-cp313-musllinux_1_2_aarch64.whl", hash = "sha256:ac065718db92ca818f8d6141b5f66369833d4a80a9d74435a268c52bdfa73140", size = 236530, upload_time = "2024-11-27T22:38:29.591Z" },
    { url = "https://files.pythonhosted.org/packages/38/31/3a76f67da4b0cf37b742ca76beaf819dca0ebef26d78fc794a576e08accf/tomli-2.2.1-cp313-cp313-musllinux_1_2_i686.whl", hash = "sha256:d920f33822747519673ee656a4b6ac33e382eca9d331c87770faa3eef562aeb2", size = 258666, upload_time = "2024-11-27T22:38:30.639Z" },
    { url = "https://files.pythonhosted.org/packages/07/10/5af1293da642aded87e8a988753945d0cf7e00a9452d3911dd3bb354c9e2/tomli-2.2.1-cp313-cp313-musllinux_1_2_x86_64.whl", hash = "sha256:a198f10c4d1b1375d7687bc25294306e551bf1abfa4eace6650070a5c1ae2744", size = 243954, upload_time = "2024-11-27T22:38:31.702Z" },
    { url = "https://files.pythonhosted.org/packages/5b/b9/1ed31d167be802da0fc95020d04cd27b7d7065cc6fbefdd2f9186f60d7bd/tomli-2.2.1-cp313-cp313-win32.whl", hash = "sha256:d3f5614314d758649ab2ab3a62d4f2004c825922f9e370b29416484086b264ec", size = 98724, upload_time = "2024-11-27T22:38:32.837Z" },
    { url = "https://files.pythonhosted.org/packages/c7/32/b0963458706accd9afcfeb867c0f9175a741bf7b19cd424230714d722198/tomli-2.2.1-cp313-cp313-win_amd64.whl", hash = "sha256:a38aa0308e754b0e3c67e344754dff64999ff9b513e691d0e786265c93583c69", size = 109383, upload_time = "2024-11-27T22:38:34.455Z" },
    { url = "https://files.pythonhosted.org/packages/6e/c2/61d3e0f47e2b74ef40a68b9e6ad5984f6241a942f7cd3bbfbdbd03861ea9/tomli-2.2.1-py3-none-any.whl", hash = "sha256:cb55c73c5f4408779d0cf3eef9f762b9c9f147a77de7b258bef0a5628adc85cc", size = 14257, upload_time = "2024-11-27T22:38:35.385Z" },
]

[[package]]
name = "types-cachetools"
version = "5.5.0.20240820"
source = { registry = "https://pypi.org/simple" }
sdist = { url = "https://files.pythonhosted.org/packages/c2/7e/ad6ba4a56b2a994e0f0a04a61a50466b60ee88a13d10a18c83ac14a66c61/types-cachetools-5.5.0.20240820.tar.gz", hash = "sha256:b888ab5c1a48116f7799cd5004b18474cd82b5463acb5ffb2db2fc9c7b053bc0", size = 4198, upload_time = "2024-08-20T02:30:07.525Z" }
wheels = [
    { url = "https://files.pythonhosted.org/packages/27/4d/fd7cc050e2d236d5570c4d92531c0396573a1e14b31735870e849351c717/types_cachetools-5.5.0.20240820-py3-none-any.whl", hash = "sha256:efb2ed8bf27a4b9d3ed70d33849f536362603a90b8090a328acf0cd42fda82e2", size = 4149, upload_time = "2024-08-20T02:30:06.461Z" },
]

[[package]]
name = "types-pyyaml"
version = "6.0.12.20250402"
source = { registry = "https://pypi.org/simple" }
sdist = { url = "https://files.pythonhosted.org/packages/2d/68/609eed7402f87c9874af39d35942744e39646d1ea9011765ec87b01b2a3c/types_pyyaml-6.0.12.20250402.tar.gz", hash = "sha256:d7c13c3e6d335b6af4b0122a01ff1d270aba84ab96d1a1a1063ecba3e13ec075", size = 17282, upload_time = "2025-04-02T02:56:00.235Z" }
wheels = [
    { url = "https://files.pythonhosted.org/packages/ed/56/1fe61db05685fbb512c07ea9323f06ea727125951f1eb4dff110b3311da3/types_pyyaml-6.0.12.20250402-py3-none-any.whl", hash = "sha256:652348fa9e7a203d4b0d21066dfb00760d3cbd5a15ebb7cf8d33c88a49546681", size = 20329, upload_time = "2025-04-02T02:55:59.382Z" },
]

[[package]]
name = "typing-extensions"
version = "4.13.2"
source = { registry = "https://pypi.org/simple" }
sdist = { url = "https://files.pythonhosted.org/packages/f6/37/23083fcd6e35492953e8d2aaaa68b860eb422b34627b13f2ce3eb6106061/typing_extensions-4.13.2.tar.gz", hash = "sha256:e6c81219bd689f51865d9e372991c540bda33a0379d5573cddb9a3a23f7caaef", size = 106967, upload_time = "2025-04-10T14:19:05.416Z" }
wheels = [
    { url = "https://files.pythonhosted.org/packages/8b/54/b1ae86c0973cc6f0210b53d508ca3641fb6d0c56823f288d108bc7ab3cc8/typing_extensions-4.13.2-py3-none-any.whl", hash = "sha256:a439e7c04b49fec3e5d3e2beaa21755cadbbdc391694e28ccdd36ca4a1408f8c", size = 45806, upload_time = "2025-04-10T14:19:03.967Z" },
]

[[package]]
name = "tzdata"
version = "2025.2"
source = { registry = "https://pypi.org/simple" }
sdist = { url = "https://files.pythonhosted.org/packages/95/32/1a225d6164441be760d75c2c42e2780dc0873fe382da3e98a2e1e48361e5/tzdata-2025.2.tar.gz", hash = "sha256:b60a638fcc0daffadf82fe0f57e53d06bdec2f36c4df66280ae79bce6bd6f2b9", size = 196380, upload_time = "2025-03-23T13:54:43.652Z" }
wheels = [
    { url = "https://files.pythonhosted.org/packages/5c/23/c7abc0ca0a1526a0774eca151daeb8de62ec457e77262b66b359c3c7679e/tzdata-2025.2-py2.py3-none-any.whl", hash = "sha256:1a403fada01ff9221ca8044d701868fa132215d84beb92242d9acd2147f667a8", size = 347839, upload_time = "2025-03-23T13:54:41.845Z" },
]
